// !$*UTF8*$!
{
	archiveVersion = 1;
	classes = {
	};
	objectVersion = 46;
	objects = {

/* Begin PBXBuildFile section */
		0B01ADE01CD330BC00628182 /* AppDelegate.swift in Sources */ = {isa = PBXBuildFile; fileRef = 0B01ADDF1CD330BC00628182 /* AppDelegate.swift */; };
		0B01ADE21CD330BC00628182 /* ViewController.swift in Sources */ = {isa = PBXBuildFile; fileRef = 0B01ADE11CD330BC00628182 /* ViewController.swift */; };
		0B01ADE51CD330BC00628182 /* Main.storyboard in Resources */ = {isa = PBXBuildFile; fileRef = 0B01ADE31CD330BC00628182 /* Main.storyboard */; };
		0B01ADE71CD330BC00628182 /* Assets.xcassets in Resources */ = {isa = PBXBuildFile; fileRef = 0B01ADE61CD330BC00628182 /* Assets.xcassets */; };
		0B01ADEA1CD330BC00628182 /* LaunchScreen.storyboard in Resources */ = {isa = PBXBuildFile; fileRef = 0B01ADE81CD330BC00628182 /* LaunchScreen.storyboard */; };
		0B01ADF51CD330BC00628182 /* sampleActionSheetTests.swift in Sources */ = {isa = PBXBuildFile; fileRef = 0B01ADF41CD330BC00628182 /* sampleActionSheetTests.swift */; };
		0B01AE001CD330BC00628182 /* sampleActionSheetUITests.swift in Sources */ = {isa = PBXBuildFile; fileRef = 0B01ADFF1CD330BC00628182 /* sampleActionSheetUITests.swift */; };
/* End PBXBuildFile section */

/* Begin PBXContainerItemProxy section */
		0B01ADF11CD330BC00628182 /* PBXContainerItemProxy */ = {
			isa = PBXContainerItemProxy;
			containerPortal = 0B01ADD41CD330BC00628182 /* Project object */;
			proxyType = 1;
			remoteGlobalIDString = 0B01ADDB1CD330BC00628182;
			remoteInfo = sampleActionSheet;
		};
		0B01ADFC1CD330BC00628182 /* PBXContainerItemProxy */ = {
			isa = PBXContainerItemProxy;
			containerPortal = 0B01ADD41CD330BC00628182 /* Project object */;
			proxyType = 1;
			remoteGlobalIDString = 0B01ADDB1CD330BC00628182;
			remoteInfo = sampleActionSheet;
		};
/* End PBXContainerItemProxy section */

/* Begin PBXFileReference section */
		0B01ADDC1CD330BC00628182 /* sampleActionSheet.app */ = {isa = PBXFileReference; explicitFileType = wrapper.application; includeInIndex = 0; path = sampleActionSheet.app; sourceTree = BUILT_PRODUCTS_DIR; };
		0B01ADDF1CD330BC00628182 /* AppDelegate.swift */ = {isa = PBXFileReference; lastKnownFileType = sourcecode.swift; path = AppDelegate.swift; sourceTree = "<group>"; };
		0B01ADE11CD330BC00628182 /* ViewController.swift */ = {isa = PBXFileReference; lastKnownFileType = sourcecode.swift; path = ViewController.swift; sourceTree = "<group>"; };
		0B01ADE41CD330BC00628182 /* Base */ = {isa = PBXFileReference; lastKnownFileType = file.storyboard; name = Base; path = Base.lproj/Main.storyboard; sourceTree = "<group>"; };
		0B01ADE61CD330BC00628182 /* Assets.xcassets */ = {isa = PBXFileReference; lastKnownFileType = folder.assetcatalog; path = Assets.xcassets; sourceTree = "<group>"; };
		0B01ADE91CD330BC00628182 /* Base */ = {isa = PBXFileReference; lastKnownFileType = file.storyboard; name = Base; path = Base.lproj/LaunchScreen.storyboard; sourceTree = "<group>"; };
		0B01ADEB1CD330BC00628182 /* Info.plist */ = {isa = PBXFileReference; lastKnownFileType = text.plist.xml; path = Info.plist; sourceTree = "<group>"; };
		0B01ADF01CD330BC00628182 /* sampleActionSheetTests.xctest */ = {isa = PBXFileReference; explicitFileType = wrapper.cfbundle; includeInIndex = 0; path = sampleActionSheetTests.xctest; sourceTree = BUILT_PRODUCTS_DIR; };
		0B01ADF41CD330BC00628182 /* sampleActionSheetTests.swift */ = {isa = PBXFileReference; lastKnownFileType = sourcecode.swift; path = sampleActionSheetTests.swift; sourceTree = "<group>"; };
		0B01ADF61CD330BC00628182 /* Info.plist */ = {isa = PBXFileReference; lastKnownFileType = text.plist.xml; path = Info.plist; sourceTree = "<group>"; };
		0B01ADFB1CD330BC00628182 /* sampleActionSheetUITests.xctest */ = {isa = PBXFileReference; explicitFileType = wrapper.cfbundle; includeInIndex = 0; path = sampleActionSheetUITests.xctest; sourceTree = BUILT_PRODUCTS_DIR; };
		0B01ADFF1CD330BC00628182 /* sampleActionSheetUITests.swift */ = {isa = PBXFileReference; lastKnownFileType = sourcecode.swift; path = sampleActionSheetUITests.swift; sourceTree = "<group>"; };
		0B01AE011CD330BC00628182 /* Info.plist */ = {isa = PBXFileReference; lastKnownFileType = text.plist.xml; path = Info.plist; sourceTree = "<group>"; };
/* End PBXFileReference section */

/* Begin PBXFrameworksBuildPhase section */
		0B01ADD91CD330BC00628182 /* Frameworks */ = {
			isa = PBXFrameworksBuildPhase;
			buildActionMask = 2147483647;
			files = (
			);
			runOnlyForDeploymentPostprocessing = 0;
		};
		0B01ADED1CD330BC00628182 /* Frameworks */ = {
			isa = PBXFrameworksBuildPhase;
			buildActionMask = 2147483647;
			files = (
			);
			runOnlyForDeploymentPostprocessing = 0;
		};
		0B01ADF81CD330BC00628182 /* Frameworks */ = {
			isa = PBXFrameworksBuildPhase;
			buildActionMask = 2147483647;
			files = (
			);
			runOnlyForDeploymentPostprocessing = 0;
		};
/* End PBXFrameworksBuildPhase section */

/* Begin PBXGroup section */
		0B01ADD31CD330BC00628182 = {
			isa = PBXGroup;
			children = (
				0B01ADDE1CD330BC00628182 /* sampleActionSheet */,
				0B01ADF31CD330BC00628182 /* sampleActionSheetTests */,
				0B01ADFE1CD330BC00628182 /* sampleActionSheetUITests */,
				0B01ADDD1CD330BC00628182 /* Products */,
			);
			sourceTree = "<group>";
		};
		0B01ADDD1CD330BC00628182 /* Products */ = {
			isa = PBXGroup;
			children = (
				0B01ADDC1CD330BC00628182 /* sampleActionSheet.app */,
				0B01ADF01CD330BC00628182 /* sampleActionSheetTests.xctest */,
				0B01ADFB1CD330BC00628182 /* sampleActionSheetUITests.xctest */,
			);
			name = Products;
			sourceTree = "<group>";
		};
		0B01ADDE1CD330BC00628182 /* sampleActionSheet */ = {
			isa = PBXGroup;
			children = (
				0B01ADDF1CD330BC00628182 /* AppDelegate.swift */,
				0B01ADE11CD330BC00628182 /* ViewController.swift */,
				0B01ADE31CD330BC00628182 /* Main.storyboard */,
				0B01ADE61CD330BC00628182 /* Assets.xcassets */,
				0B01ADE81CD330BC00628182 /* LaunchScreen.storyboard */,
				0B01ADEB1CD330BC00628182 /* Info.plist */,
			);
			path = sampleActionSheet;
			sourceTree = "<group>";
		};
		0B01ADF31CD330BC00628182 /* sampleActionSheetTests */ = {
			isa = PBXGroup;
			children = (
				0B01ADF41CD330BC00628182 /* sampleActionSheetTests.swift */,
				0B01ADF61CD330BC00628182 /* Info.plist */,
			);
			path = sampleActionSheetTests;
			sourceTree = "<group>";
		};
		0B01ADFE1CD330BC00628182 /* sampleActionSheetUITests */ = {
			isa = PBXGroup;
			children = (
				0B01ADFF1CD330BC00628182 /* sampleActionSheetUITests.swift */,
				0B01AE011CD330BC00628182 /* Info.plist */,
			);
			path = sampleActionSheetUITests;
			sourceTree = "<group>";
		};
/* End PBXGroup section */

/* Begin PBXNativeTarget section */
		0B01ADDB1CD330BC00628182 /* sampleActionSheet */ = {
			isa = PBXNativeTarget;
			buildConfigurationList = 0B01AE041CD330BC00628182 /* Build configuration list for PBXNativeTarget "sampleActionSheet" */;
			buildPhases = (
				0B01ADD81CD330BC00628182 /* Sources */,
				0B01ADD91CD330BC00628182 /* Frameworks */,
				0B01ADDA1CD330BC00628182 /* Resources */,
			);
			buildRules = (
			);
			dependencies = (
			);
			name = sampleActionSheet;
			productName = sampleActionSheet;
			productReference = 0B01ADDC1CD330BC00628182 /* sampleActionSheet.app */;
			productType = "com.apple.product-type.application";
		};
		0B01ADEF1CD330BC00628182 /* sampleActionSheetTests */ = {
			isa = PBXNativeTarget;
			buildConfigurationList = 0B01AE071CD330BC00628182 /* Build configuration list for PBXNativeTarget "sampleActionSheetTests" */;
			buildPhases = (
				0B01ADEC1CD330BC00628182 /* Sources */,
				0B01ADED1CD330BC00628182 /* Frameworks */,
				0B01ADEE1CD330BC00628182 /* Resources */,
			);
			buildRules = (
			);
			dependencies = (
				0B01ADF21CD330BC00628182 /* PBXTargetDependency */,
			);
			name = sampleActionSheetTests;
			productName = sampleActionSheetTests;
			productReference = 0B01ADF01CD330BC00628182 /* sampleActionSheetTests.xctest */;
			productType = "com.apple.product-type.bundle.unit-test";
		};
		0B01ADFA1CD330BC00628182 /* sampleActionSheetUITests */ = {
			isa = PBXNativeTarget;
			buildConfigurationList = 0B01AE0A1CD330BC00628182 /* Build configuration list for PBXNativeTarget "sampleActionSheetUITests" */;
			buildPhases = (
				0B01ADF71CD330BC00628182 /* Sources */,
				0B01ADF81CD330BC00628182 /* Frameworks */,
				0B01ADF91CD330BC00628182 /* Resources */,
			);
			buildRules = (
			);
			dependencies = (
				0B01ADFD1CD330BC00628182 /* PBXTargetDependency */,
			);
			name = sampleActionSheetUITests;
			productName = sampleActionSheetUITests;
			productReference = 0B01ADFB1CD330BC00628182 /* sampleActionSheetUITests.xctest */;
			productType = "com.apple.product-type.bundle.ui-testing";
		};
/* End PBXNativeTarget section */

/* Begin PBXProject section */
		0B01ADD41CD330BC00628182 /* Project object */ = {
			isa = PBXProject;
			attributes = {
				LastSwiftUpdateCheck = 0720;
				LastUpgradeCheck = 0720;
				ORGANIZATIONNAME = "RIho OKubo";
				TargetAttributes = {
					0B01ADDB1CD330BC00628182 = {
						CreatedOnToolsVersion = 7.2.1;
					};
					0B01ADEF1CD330BC00628182 = {
						CreatedOnToolsVersion = 7.2.1;
						TestTargetID = 0B01ADDB1CD330BC00628182;
					};
					0B01ADFA1CD330BC00628182 = {
						CreatedOnToolsVersion = 7.2.1;
						TestTargetID = 0B01ADDB1CD330BC00628182;
					};
				};
			};
			buildConfigurationList = 0B01ADD71CD330BC00628182 /* Build configuration list for PBXProject "sampleActionSheet" */;
			compatibilityVersion = "Xcode 3.2";
			developmentRegion = English;
			hasScannedForEncodings = 0;
			knownRegions = (
				en,
				Base,
			);
			mainGroup = 0B01ADD31CD330BC00628182;
			productRefGroup = 0B01ADDD1CD330BC00628182 /* Products */;
			projectDirPath = "";
			projectRoot = "";
			targets = (
				0B01ADDB1CD330BC00628182 /* sampleActionSheet */,
				0B01ADEF1CD330BC00628182 /* sampleActionSheetTests */,
				0B01ADFA1CD330BC00628182 /* sampleActionSheetUITests */,
			);
		};
/* End PBXProject section */

/* Begin PBXResourcesBuildPhase section */
		0B01ADDA1CD330BC00628182 /* Resources */ = {
			isa = PBXResourcesBuildPhase;
			buildActionMask = 2147483647;
			files = (
				0B01ADEA1CD330BC00628182 /* LaunchScreen.storyboard in Resources */,
				0B01ADE71CD330BC00628182 /* Assets.xcassets in Resources */,
				0B01ADE51CD330BC00628182 /* Main.storyboard in Resources */,
			);
			runOnlyForDeploymentPostprocessing = 0;
		};
		0B01ADEE1CD330BC00628182 /* Resources */ = {
			isa = PBXResourcesBuildPhase;
			buildActionMask = 2147483647;
			files = (
			);
			runOnlyForDeploymentPostprocessing = 0;
		};
		0B01ADF91CD330BC00628182 /* Resources */ = {
			isa = PBXResourcesBuildPhase;
			buildActionMask = 2147483647;
			files = (
			);
			runOnlyForDeploymentPostprocessing = 0;
		};
/* End PBXResourcesBuildPhase section */

/* Begin PBXSourcesBuildPhase section */
		0B01ADD81CD330BC00628182 /* Sources */ = {
			isa = PBXSourcesBuildPhase;
			buildActionMask = 2147483647;
			files = (
				0B01ADE21CD330BC00628182 /* ViewController.swift in Sources */,
				0B01ADE01CD330BC00628182 /* AppDelegate.swift in Sources */,
			);
			runOnlyForDeploymentPostprocessing = 0;
		};
		0B01ADEC1CD330BC00628182 /* Sources */ = {
			isa = PBXSourcesBuildPhase;
			buildActionMask = 2147483647;
			files = (
				0B01ADF51CD330BC00628182 /* sampleActionSheetTests.swift in Sources */,
			);
			runOnlyForDeploymentPostprocessing = 0;
		};
		0B01ADF71CD330BC00628182 /* Sources */ = {
			isa = PBXSourcesBuildPhase;
			buildActionMask = 2147483647;
			files = (
				0B01AE001CD330BC00628182 /* sampleActionSheetUITests.swift in Sources */,
			);
			runOnlyForDeploymentPostprocessing = 0;
		};
/* End PBXSourcesBuildPhase section */

/* Begin PBXTargetDependency section */
		0B01ADF21CD330BC00628182 /* PBXTargetDependency */ = {
			isa = PBXTargetDependency;
			target = 0B01ADDB1CD330BC00628182 /* sampleActionSheet */;
			targetProxy = 0B01ADF11CD330BC00628182 /* PBXContainerItemProxy */;
		};
		0B01ADFD1CD330BC00628182 /* PBXTargetDependency */ = {
			isa = PBXTargetDependency;
			target = 0B01ADDB1CD330BC00628182 /* sampleActionSheet */;
			targetProxy = 0B01ADFC1CD330BC00628182 /* PBXContainerItemProxy */;
		};
/* End PBXTargetDependency section */

/* Begin PBXVariantGroup section */
		0B01ADE31CD330BC00628182 /* Main.storyboard */ = {
			isa = PBXVariantGroup;
			children = (
				0B01ADE41CD330BC00628182 /* Base */,
			);
			name = Main.storyboard;
			sourceTree = "<group>";
		};
		0B01ADE81CD330BC00628182 /* LaunchScreen.storyboard */ = {
			isa = PBXVariantGroup;
			children = (
				0B01ADE91CD330BC00628182 /* Base */,
			);
			name = LaunchScreen.storyboard;
			sourceTree = "<group>";
		};
/* End PBXVariantGroup section */

/* Begin XCBuildConfiguration section */
		0B01AE021CD330BC00628182 /* Debug */ = {
			isa = XCBuildConfiguration;
			buildSettings = {
				ALWAYS_SEARCH_USER_PATHS = NO;
				CLANG_CXX_LANGUAGE_STANDARD = "gnu++0x";
				CLANG_CXX_LIBRARY = "libc++";
				CLANG_ENABLE_MODULES = YES;
				CLANG_ENABLE_OBJC_ARC = YES;
				CLANG_WARN_BOOL_CONVERSION = YES;
				CLANG_WARN_CONSTANT_CONVERSION = YES;
				CLANG_WARN_DIRECT_OBJC_ISA_USAGE = YES_ERROR;
				CLANG_WARN_EMPTY_BODY = YES;
				CLANG_WARN_ENUM_CONVERSION = YES;
				CLANG_WARN_INT_CONVERSION = YES;
				CLANG_WARN_OBJC_ROOT_CLASS = YES_ERROR;
				CLANG_WARN_UNREACHABLE_CODE = YES;
				CLANG_WARN__DUPLICATE_METHOD_MATCH = YES;
				"CODE_SIGN_IDENTITY[sdk=iphoneos*]" = "iPhone Developer";
				COPY_PHASE_STRIP = NO;
				DEBUG_INFORMATION_FORMAT = dwarf;
				ENABLE_STRICT_OBJC_MSGSEND = YES;
				ENABLE_TESTABILITY = YES;
				GCC_C_LANGUAGE_STANDARD = gnu99;
				GCC_DYNAMIC_NO_PIC = NO;
				GCC_NO_COMMON_BLOCKS = YES;
				GCC_OPTIMIZATION_LEVEL = 0;
				GCC_PREPROCESSOR_DEFINITIONS = (
					"DEBUG=1",
					"$(inherited)",
				);
				GCC_WARN_64_TO_32_BIT_CONVERSION = YES;
				GCC_WARN_ABOUT_RETURN_TYPE = YES_ERROR;
				GCC_WARN_UNDECLARED_SELECTOR = YES;
				GCC_WARN_UNINITIALIZED_AUTOS = YES_AGGRESSIVE;
				GCC_WARN_UNUSED_FUNCTION = YES;
				GCC_WARN_UNUSED_VARIABLE = YES;
				IPHONEOS_DEPLOYMENT_TARGET = 9.2;
				MTL_ENABLE_DEBUG_INFO = YES;
				ONLY_ACTIVE_ARCH = YES;
				SDKROOT = iphoneos;
				SWIFT_OPTIMIZATION_LEVEL = "-Onone";
			};
			name = Debug;
		};
		0B01AE031CD330BC00628182 /* Release */ = {
			isa = XCBuildConfiguration;
			buildSettings = {
				ALWAYS_SEARCH_USER_PATHS = NO;
				CLANG_CXX_LANGUAGE_STANDARD = "gnu++0x";
				CLANG_CXX_LIBRARY = "libc++";
				CLANG_ENABLE_MODULES = YES;
				CLANG_ENABLE_OBJC_ARC = YES;
				CLANG_WARN_BOOL_CONVERSION = YES;
				CLANG_WARN_CONSTANT_CONVERSION = YES;
				CLANG_WARN_DIRECT_OBJC_ISA_USAGE = YES_ERROR;
				CLANG_WARN_EMPTY_BODY = YES;
				CLANG_WARN_ENUM_CONVERSION = YES;
				CLANG_WARN_INT_CONVERSION = YES;
				CLANG_WARN_OBJC_ROOT_CLASS = YES_ERROR;
				CLANG_WARN_UNREACHABLE_CODE = YES;
				CLANG_WARN__DUPLICATE_METHOD_MATCH = YES;
				"CODE_SIGN_IDENTITY[sdk=iphoneos*]" = "iPhone Developer";
				COPY_PHASE_STRIP = NO;
				DEBUG_INFORMATION_FORMAT = "dwarf-with-dsym";
				ENABLE_NS_ASSERTIONS = NO;
				ENABLE_STRICT_OBJC_MSGSEND = YES;
				GCC_C_LANGUAGE_STANDARD = gnu99;
				GCC_NO_COMMON_BLOCKS = YES;
				GCC_WARN_64_TO_32_BIT_CONVERSION = YES;
				GCC_WARN_ABOUT_RETURN_TYPE = YES_ERROR;
				GCC_WARN_UNDECLARED_SELECTOR = YES;
				GCC_WARN_UNINITIALIZED_AUTOS = YES_AGGRESSIVE;
				GCC_WARN_UNUSED_FUNCTION = YES;
				GCC_WARN_UNUSED_VARIABLE = YES;
				IPHONEOS_DEPLOYMENT_TARGET = 9.2;
				MTL_ENABLE_DEBUG_INFO = NO;
				SDKROOT = iphoneos;
				VALIDATE_PRODUCT = YES;
			};
			name = Release;
		};
		0B01AE051CD330BC00628182 /* Debug */ = {
			isa = XCBuildConfiguration;
			buildSettings = {
				ASSETCATALOG_COMPILER_APPICON_NAME = AppIcon;
				INFOPLIST_FILE = sampleActionSheet/Info.plist;
				LD_RUNPATH_SEARCH_PATHS = "$(inherited) @executable_path/Frameworks";
				PRODUCT_BUNDLE_IDENTIFIER = com.rihookubo.sampleActionSheet;
				PRODUCT_NAME = "$(TARGET_NAME)";
			};
			name = Debug;
		};
		0B01AE061CD330BC00628182 /* Release */ = {
			isa = XCBuildConfiguration;
			buildSettings = {
				ASSETCATALOG_COMPILER_APPICON_NAME = AppIcon;
				INFOPLIST_FILE = sampleActionSheet/Info.plist;
				LD_RUNPATH_SEARCH_PATHS = "$(inherited) @executable_path/Frameworks";
				PRODUCT_BUNDLE_IDENTIFIER = com.rihookubo.sampleActionSheet;
				PRODUCT_NAME = "$(TARGET_NAME)";
			};
			name = Release;
		};
		0B01AE081CD330BC00628182 /* Debug */ = {
			isa = XCBuildConfiguration;
			buildSettings = {
				BUNDLE_LOADER = "$(TEST_HOST)";
				INFOPLIST_FILE = sampleActionSheetTests/Info.plist;
				LD_RUNPATH_SEARCH_PATHS = "$(inherited) @executable_path/Frameworks @loader_path/Frameworks";
				PRODUCT_BUNDLE_IDENTIFIER = com.rihookubo.sampleActionSheetTests;
				PRODUCT_NAME = "$(TARGET_NAME)";
				TEST_HOST = "$(BUILT_PRODUCTS_DIR)/sampleActionSheet.app/sampleActionSheet";
			};
			name = Debug;
		};
		0B01AE091CD330BC00628182 /* Release */ = {
			isa = XCBuildConfiguration;
			buildSettings = {
				BUNDLE_LOADER = "$(TEST_HOST)";
				INFOPLIST_FILE = sampleActionSheetTests/Info.plist;
				LD_RUNPATH_SEARCH_PATHS = "$(inherited) @executable_path/Frameworks @loader_path/Frameworks";
				PRODUCT_BUNDLE_IDENTIFIER = com.rihookubo.sampleActionSheetTests;
				PRODUCT_NAME = "$(TARGET_NAME)";
				TEST_HOST = "$(BUILT_PRODUCTS_DIR)/sampleActionSheet.app/sampleActionSheet";
			};
			name = Release;
		};
		0B01AE0B1CD330BC00628182 /* Debug */ = {
			isa = XCBuildConfiguration;
			buildSettings = {
				INFOPLIST_FILE = sampleActionSheetUITests/Info.plist;
				LD_RUNPATH_SEARCH_PATHS = "$(inherited) @executable_path/Frameworks @loader_path/Frameworks";
				PRODUCT_BUNDLE_IDENTIFIER = com.rihookubo.sampleActionSheetUITests;
				PRODUCT_NAME = "$(TARGET_NAME)";
				TEST_TARGET_NAME = sampleActionSheet;
				USES_XCTRUNNER = YES;
			};
			name = Debug;
		};
		0B01AE0C1CD330BC00628182 /* Release */ = {
			isa = XCBuildConfiguration;
			buildSettings = {
				INFOPLIST_FILE = sampleActionSheetUITests/Info.plist;
				LD_RUNPATH_SEARCH_PATHS = "$(inherited) @executable_path/Frameworks @loader_path/Frameworks";
				PRODUCT_BUNDLE_IDENTIFIER = com.rihookubo.sampleActionSheetUITests;
				PRODUCT_NAME = "$(TARGET_NAME)";
				TEST_TARGET_NAME = sampleActionSheet;
				USES_XCTRUNNER = YES;
			};
			name = Release;
		};
/* End XCBuildConfiguration section */

/* Begin XCConfigurationList section */
		0B01ADD71CD330BC00628182 /* Build configuration list for PBXProject "sampleActionSheet" */ = {
			isa = XCConfigurationList;
			buildConfigurations = (
				0B01AE021CD330BC00628182 /* Debug */,
				0B01AE031CD330BC00628182 /* Release */,
			);
			defaultConfigurationIsVisible = 0;
			defaultConfigurationName = Release;
		};
		0B01AE041CD330BC00628182 /* Build configuration list for PBXNativeTarget "sampleActionSheet" */ = {
			isa = XCConfigurationList;
			buildConfigurations = (
				0B01AE051CD330BC00628182 /* Debug */,
				0B01AE061CD330BC00628182 /* Release */,
			);
			defaultConfigurationIsVisible = 0;
		};
		0B01AE071CD330BC00628182 /* Build configuration list for PBXNativeTarget "sampleActionSheetTests" */ = {
			isa = XCConfigurationList;
			buildConfigurations = (
				0B01AE081CD330BC00628182 /* Debug */,
				0B01AE091CD330BC00628182 /* Release */,
			);
			defaultConfigurationIsVisible = 0;
		};
		0B01AE0A1CD330BC00628182 /* Build configuration list for PBXNativeTarget "sampleActionSheetUITests" */ = {
			isa = XCConfigurationList;
			buildConfigurations = (
				0B01AE0B1CD330BC00628182 /* Debug */,
				0B01AE0C1CD330BC00628182 /* Release */,
			);
			defaultConfigurationIsVisible = 0;
		};
/* End XCConfigurationList section */
	};
	rootObject = 0B01ADD41CD330BC00628182 /* Project object */;
}
